
Microsoft Visual Studio Solution File, Format Version 12.00
# Visual Studio 2015
Project("{FAE04EC0-301F-11D3-BF4B-00C04F79EFBC}") = "MadronaGame.CSharp.Plugins", "MadronaGame.CSharp.Plugins.csproj", "{E3206868-6D31-9A8F-0903-FDD318F487FC}"
EndProject
Project("{FAE04EC0-301F-11D3-BF4B-00C04F79EFBC}") = "MadronaGame.CSharp", "MadronaGame.CSharp.csproj", "{257E5B58-936B-3510-52EF-7A6550862D30}"
EndProject
Global
	GlobalSection(SolutionConfigurationPlatforms) = preSolution
		Debug|Any CPU = Debug|Any CPU
		Release|Any CPU = Release|Any CPU
	EndGlobalSection
	GlobalSection(ProjectConfigurationPlatforms) = postSolution
		{E3206868-6D31-9A8F-0903-FDD318F487FC}.Debug|Any CPU.ActiveCfg = Debug|Any CPU
		{E3206868-6D31-9A8F-0903-FDD318F487FC}.Debug|Any CPU.Build.0 = Debug|Any CPU
		{E3206868-6D31-9A8F-0903-FDD318F487FC}.Release|Any CPU.ActiveCfg = Release|Any CPU
		{E3206868-6D31-9A8F-0903-FDD318F487FC}.Release|Any CPU.Build.0 = Release|Any CPU
		{257E5B58-936B-3510-52EF-7A6550862D30}.Debug|Any CPU.ActiveCfg = Debug|Any CPU
		{257E5B58-936B-3510-52EF-7A6550862D30}.Debug|Any CPU.Build.0 = Debug|Any CPU
		{257E5B58-936B-3510-52EF-7A6550862D30}.Release|Any CPU.ActiveCfg = Release|Any CPU
		{257E5B58-936B-3510-52EF-7A6550862D30}.Release|Any CPU.Build.0 = Release|Any CPU
	EndGlobalSection
	GlobalSection(SolutionProperties) = preSolution
		HideSolutionNode = FALSE
	EndGlobalSection
EndGlobal
